github.com/Flaque/filet v0.0.0-20190209224823-fc4d33cfcf93 h1:NnAUCP75PRm8yWE7+MZBIAR6PA9iwsBYEc6ZNYOy+AQ=
github.com/Flaque/filet v0.0.0-20190209224823-fc4d33cfcf93/go.mod h1:TK+jB3mBs+8ZMWhU5BqZKnZWJ1MrLo8etNVg51ueTBo=
github.com/gorilla/mux v1.7.3 h1:gnP5JzjVOuiZD07fKKToCAOjS0yOpj/qPETTXCCS6hw=
github.com/gorilla/mux v1.7.3/go.mod h1:1lud6UwP+6orDFRuTfBEV8e9/aOM/c4fVVCaMa2zaAs=
github.com/kardianos/service v1.0.0/go.mod h1:8CzDhVuCuugtsHyZoTvsOBuvonN/UDBvl0kH+BUxvbo=
github.com/morfien101/go-statsd v1.2.1 h1:pasCWubEROv/MoU9cLVNq7/AXmlOgJVpADf7ZgdqK34=
github.com/morfien101/go-statsd v1.2.1/go.mod h1:BgHjbKpfSmAC/D0l9LaKUxd0zzdOo+G5AwVHjHjDWYs=
github.com/morfien101/service v1.0.1 h1:nXTxM0qYevtj8xgCLXhvO1qyAiEIqLnQfLvI1lJqpgk=
github.com/morfien101/service v1.0.1/go.mod h1:85Lf48vFQlTorrLVv0uX8jX3mralIp7E/DzQCBVr9mA=
github.com/morfien101/service v1.0.4 h1:qoKXhdPuMd/XBh6aqtrbtke2raFWA9PfEzYBpgWVKWM=
github.com/morfien101/service v1.0.4/go.mod h1:Ub/SUc4NiBwi4QSYC3ngzmm/REWn4tA/L6IthkRvPjc=
github.com/satori/go.uuid v1.2.0 h1:0uYX9dsZ2yD7q2RtLRtPSdGDWzjeM3TbMJP9utgA0ww=
github.com/satori/go.uuid v1.2.0/go.mod h1:dA0hQrYB0VpLJoorglMZABFdXlWrHn1NEOzdhQKdks0=
github.com/spf13/afero v1.2.2 h1:5jhuqJyZCZf2JRofRvN/nIFgIWNzPa3/Vz8mYylgbWc=
github.com/spf13/afero v1.2.2/go.mod h1:9ZxEEn6pIJ8Rxe320qSDBk6AsU0r9pR7Q4OcevTdifk=
golang.org/x/sys v0.0.0-20190204203706-41f3e6584952 h1:FDfvYgoVsA7TTZSbgiqjAbfPbK47CNHdWl3h/PJtii0=
golang.org/x/sys v0.0.0-20190204203706-41f3e6584952/go.mod h1:STP8DvDyc/dI5b8T5hshtkjS+E42TnysNCUPdjciGhY=
golang.org/x/text v0.3.0 h1:g61tztE5qeGQ89tm6NTjjM9VPIm088od1l6aSorWRWg=
golang.org/x/text v0.3.0/go.mod h1:NqM8EUOU14njkJ3fqMW+pc6Ldnwhi/IjpwHt7yyuwOQ=
